// !$*UTF8*$!
{
	archiveVersion = 1;
	classes = {
	};
	objectVersion = 50;
	objects = {

/* Begin PBXBuildFile section */
		2A657F5221A6405600A76D33 /* alさん（サンプル）.jpg in Resources */ = {isa = PBXBuildFile; fileRef = 2A657F5021A6405000A76D33 /* alさん（サンプル）.jpg */; };
		2A657F5321A6405600A76D33 /* michelさん（サンプル）.jpg in Resources */ = {isa = PBXBuildFile; fileRef = 2A657F5121A6405600A76D33 /* michelさん（サンプル）.jpg */; };
		2A67FA88219FC97A00950071 /* AppDelegate.swift in Sources */ = {isa = PBXBuildFile; fileRef = 2A67FA87219FC97A00950071 /* AppDelegate.swift */; };
		2A67FA8A219FC97A00950071 /* ViewController.swift in Sources */ = {isa = PBXBuildFile; fileRef = 2A67FA89219FC97A00950071 /* ViewController.swift */; };
		2A67FA8D219FC97A00950071 /* Main.storyboard in Resources */ = {isa = PBXBuildFile; fileRef = 2A67FA8B219FC97A00950071 /* Main.storyboard */; };
		2A67FA8F219FC97C00950071 /* Assets.xcassets in Resources */ = {isa = PBXBuildFile; fileRef = 2A67FA8E219FC97C00950071 /* Assets.xcassets */; };
		2A67FA92219FC97C00950071 /* LaunchScreen.storyboard in Resources */ = {isa = PBXBuildFile; fileRef = 2A67FA90219FC97C00950071 /* LaunchScreen.storyboard */; };
		2A67FA9D219FC97C00950071 /* hyoi_yTests.swift in Sources */ = {isa = PBXBuildFile; fileRef = 2A67FA9C219FC97C00950071 /* hyoi_yTests.swift */; };
		2A67FAA8219FC97C00950071 /* hyoi_yUITests.swift in Sources */ = {isa = PBXBuildFile; fileRef = 2A67FAA7219FC97C00950071 /* hyoi_yUITests.swift */; };
		2A7FE83021A3CC4000BDDEB2 /* ホイアン（サンプル）.JPG in Resources */ = {isa = PBXBuildFile; fileRef = 2A7FE82D21A3CC3F00BDDEB2 /* ホイアン（サンプル）.JPG */; };
		2A7FE83221A3CC4000BDDEB2 /* 東京（サンプル）.jpg in Resources */ = {isa = PBXBuildFile; fileRef = 2A7FE82F21A3CC4000BDDEB2 /* 東京（サンプル）.jpg */; };
		2A7FE83421A3CC6C00BDDEB2 /* コロラド（サンプル）.jpg in Resources */ = {isa = PBXBuildFile; fileRef = 2A7FE83321A3CC6C00BDDEB2 /* コロラド（サンプル）.jpg */; };
		2A7FE83621A3DA9600BDDEB2 /* hyoi_icn.png in Resources */ = {isa = PBXBuildFile; fileRef = 2A7FE83521A3DA9600BDDEB2 /* hyoi_icn.png */; };
/* End PBXBuildFile section */

/* Begin PBXContainerItemProxy section */
		2A67FA99219FC97C00950071 /* PBXContainerItemProxy */ = {
			isa = PBXContainerItemProxy;
			containerPortal = 2A67FA7C219FC97A00950071 /* Project object */;
			proxyType = 1;
			remoteGlobalIDString = 2A67FA83219FC97A00950071;
			remoteInfo = hyoi_y;
		};
		2A67FAA4219FC97C00950071 /* PBXContainerItemProxy */ = {
			isa = PBXContainerItemProxy;
			containerPortal = 2A67FA7C219FC97A00950071 /* Project object */;
			proxyType = 1;
			remoteGlobalIDString = 2A67FA83219FC97A00950071;
			remoteInfo = hyoi_y;
		};
/* End PBXContainerItemProxy section */

/* Begin PBXFileReference section */
		2A657F5021A6405000A76D33 /* alさん（サンプル）.jpg */ = {isa = PBXFileReference; lastKnownFileType = image.jpeg; path = "alさん（サンプル）.jpg"; sourceTree = "<group>"; };
		2A657F5121A6405600A76D33 /* michelさん（サンプル）.jpg */ = {isa = PBXFileReference; lastKnownFileType = image.jpeg; path = "michelさん（サンプル）.jpg"; sourceTree = "<group>"; };
		2A67FA84219FC97A00950071 /* hyoi_y.app */ = {isa = PBXFileReference; explicitFileType = wrapper.application; includeInIndex = 0; path = hyoi_y.app; sourceTree = BUILT_PRODUCTS_DIR; };
		2A67FA87219FC97A00950071 /* AppDelegate.swift */ = {isa = PBXFileReference; lastKnownFileType = sourcecode.swift; path = AppDelegate.swift; sourceTree = "<group>"; };
		2A67FA89219FC97A00950071 /* ViewController.swift */ = {isa = PBXFileReference; lastKnownFileType = sourcecode.swift; path = ViewController.swift; sourceTree = "<group>"; };
		2A67FA8C219FC97A00950071 /* Base */ = {isa = PBXFileReference; lastKnownFileType = file.storyboard; name = Base; path = Base.lproj/Main.storyboard; sourceTree = "<group>"; };
		2A67FA8E219FC97C00950071 /* Assets.xcassets */ = {isa = PBXFileReference; lastKnownFileType = folder.assetcatalog; path = Assets.xcassets; sourceTree = "<group>"; };
		2A67FA91219FC97C00950071 /* Base */ = {isa = PBXFileReference; lastKnownFileType = file.storyboard; name = Base; path = Base.lproj/LaunchScreen.storyboard; sourceTree = "<group>"; };
		2A67FA93219FC97C00950071 /* Info.plist */ = {isa = PBXFileReference; lastKnownFileType = text.plist.xml; path = Info.plist; sourceTree = "<group>"; };
		2A67FA98219FC97C00950071 /* hyoi_yTests.xctest */ = {isa = PBXFileReference; explicitFileType = wrapper.cfbundle; includeInIndex = 0; path = hyoi_yTests.xctest; sourceTree = BUILT_PRODUCTS_DIR; };
		2A67FA9C219FC97C00950071 /* hyoi_yTests.swift */ = {isa = PBXFileReference; lastKnownFileType = sourcecode.swift; path = hyoi_yTests.swift; sourceTree = "<group>"; };
		2A67FA9E219FC97C00950071 /* Info.plist */ = {isa = PBXFileReference; lastKnownFileType = text.plist.xml; path = Info.plist; sourceTree = "<group>"; };
		2A67FAA3219FC97C00950071 /* hyoi_yUITests.xctest */ = {isa = PBXFileReference; explicitFileType = wrapper.cfbundle; includeInIndex = 0; path = hyoi_yUITests.xctest; sourceTree = BUILT_PRODUCTS_DIR; };
		2A67FAA7219FC97C00950071 /* hyoi_yUITests.swift */ = {isa = PBXFileReference; lastKnownFileType = sourcecode.swift; path = hyoi_yUITests.swift; sourceTree = "<group>"; };
		2A67FAA9219FC97C00950071 /* Info.plist */ = {isa = PBXFileReference; lastKnownFileType = text.plist.xml; path = Info.plist; sourceTree = "<group>"; };
		2A7FE82D21A3CC3F00BDDEB2 /* ホイアン（サンプル）.JPG */ = {isa = PBXFileReference; lastKnownFileType = image.jpeg; path = "ホイアン（サンプル）.JPG"; sourceTree = "<group>"; };
		2A7FE82F21A3CC4000BDDEB2 /* 東京（サンプル）.jpg */ = {isa = PBXFileReference; lastKnownFileType = image.jpeg; path = "東京（サンプル）.jpg"; sourceTree = "<group>"; };
		2A7FE83321A3CC6C00BDDEB2 /* コロラド（サンプル）.jpg */ = {isa = PBXFileReference; lastKnownFileType = image.jpeg; path = "コロラド（サンプル）.jpg"; sourceTree = "<group>"; };
		2A7FE83521A3DA9600BDDEB2 /* hyoi_icn.png */ = {isa = PBXFileReference; lastKnownFileType = image.png; path = hyoi_icn.png; sourceTree = "<group>"; };
/* End PBXFileReference section */

/* Begin PBXFrameworksBuildPhase section */
		2A67FA81219FC97A00950071 /* Frameworks */ = {
			isa = PBXFrameworksBuildPhase;
			buildActionMask = 2147483647;
			files = (
			);
			runOnlyForDeploymentPostprocessing = 0;
		};
		2A67FA95219FC97C00950071 /* Frameworks */ = {
			isa = PBXFrameworksBuildPhase;
			buildActionMask = 2147483647;
			files = (
			);
			runOnlyForDeploymentPostprocessing = 0;
		};
		2A67FAA0219FC97C00950071 /* Frameworks */ = {
			isa = PBXFrameworksBuildPhase;
			buildActionMask = 2147483647;
			files = (
			);
			runOnlyForDeploymentPostprocessing = 0;
		};
/* End PBXFrameworksBuildPhase section */

/* Begin PBXGroup section */
		2A67FA7B219FC97A00950071 = {
			isa = PBXGroup;
			children = (
				2A67FA86219FC97A00950071 /* hyoi_y */,
				2A67FA9B219FC97C00950071 /* hyoi_yTests */,
				2A67FAA6219FC97C00950071 /* hyoi_yUITests */,
				2A67FA85219FC97A00950071 /* Products */,
				2A7FE82D21A3CC3F00BDDEB2 /* ホイアン（サンプル）.JPG */,
				2A7FE82F21A3CC4000BDDEB2 /* 東京（サンプル）.jpg */,
				2A7FE83321A3CC6C00BDDEB2 /* コロラド（サンプル）.jpg */,
				2A7FE83521A3DA9600BDDEB2 /* hyoi_icn.png */,
				2A657F5021A6405000A76D33 /* alさん（サンプル）.jpg */,
				2A657F5121A6405600A76D33 /* michelさん（サンプル）.jpg */,
			);
			sourceTree = "<group>";
		};
		2A67FA85219FC97A00950071 /* Products */ = {
			isa = PBXGroup;
			children = (
				2A67FA84219FC97A00950071 /* hyoi_y.app */,
				2A67FA98219FC97C00950071 /* hyoi_yTests.xctest */,
				2A67FAA3219FC97C00950071 /* hyoi_yUITests.xctest */,
			);
			name = Products;
			sourceTree = "<group>";
		};
		2A67FA86219FC97A00950071 /* hyoi_y */ = {
			isa = PBXGroup;
			children = (
				2A67FA87219FC97A00950071 /* AppDelegate.swift */,
				2A67FA89219FC97A00950071 /* ViewController.swift */,
				2A67FA8B219FC97A00950071 /* Main.storyboard */,
				2A67FA8E219FC97C00950071 /* Assets.xcassets */,
				2A67FA90219FC97C00950071 /* LaunchScreen.storyboard */,
				2A67FA93219FC97C00950071 /* Info.plist */,
			);
			path = hyoi_y;
			sourceTree = "<group>";
		};
		2A67FA9B219FC97C00950071 /* hyoi_yTests */ = {
			isa = PBXGroup;
			children = (
				2A67FA9C219FC97C00950071 /* hyoi_yTests.swift */,
				2A67FA9E219FC97C00950071 /* Info.plist */,
			);
			path = hyoi_yTests;
			sourceTree = "<group>";
		};
		2A67FAA6219FC97C00950071 /* hyoi_yUITests */ = {
			isa = PBXGroup;
			children = (
				2A67FAA7219FC97C00950071 /* hyoi_yUITests.swift */,
				2A67FAA9219FC97C00950071 /* Info.plist */,
			);
			path = hyoi_yUITests;
			sourceTree = "<group>";
		};
/* End PBXGroup section */

/* Begin PBXNativeTarget section */
		2A67FA83219FC97A00950071 /* hyoi_y */ = {
			isa = PBXNativeTarget;
			buildConfigurationList = 2A67FAAC219FC97C00950071 /* Build configuration list for PBXNativeTarget "hyoi_y" */;
			buildPhases = (
				2A67FA80219FC97A00950071 /* Sources */,
				2A67FA81219FC97A00950071 /* Frameworks */,
				2A67FA82219FC97A00950071 /* Resources */,
			);
			buildRules = (
			);
			dependencies = (
			);
			name = hyoi_y;
			productName = hyoi_y;
			productReference = 2A67FA84219FC97A00950071 /* hyoi_y.app */;
			productType = "com.apple.product-type.application";
		};
		2A67FA97219FC97C00950071 /* hyoi_yTests */ = {
			isa = PBXNativeTarget;
			buildConfigurationList = 2A67FAAF219FC97C00950071 /* Build configuration list for PBXNativeTarget "hyoi_yTests" */;
			buildPhases = (
				2A67FA94219FC97C00950071 /* Sources */,
				2A67FA95219FC97C00950071 /* Frameworks */,
				2A67FA96219FC97C00950071 /* Resources */,
			);
			buildRules = (
			);
			dependencies = (
				2A67FA9A219FC97C00950071 /* PBXTargetDependency */,
			);
			name = hyoi_yTests;
			productName = hyoi_yTests;
			productReference = 2A67FA98219FC97C00950071 /* hyoi_yTests.xctest */;
			productType = "com.apple.product-type.bundle.unit-test";
		};
		2A67FAA2219FC97C00950071 /* hyoi_yUITests */ = {
			isa = PBXNativeTarget;
			buildConfigurationList = 2A67FAB2219FC97C00950071 /* Build configuration list for PBXNativeTarget "hyoi_yUITests" */;
			buildPhases = (
				2A67FA9F219FC97C00950071 /* Sources */,
				2A67FAA0219FC97C00950071 /* Frameworks */,
				2A67FAA1219FC97C00950071 /* Resources */,
			);
			buildRules = (
			);
			dependencies = (
				2A67FAA5219FC97C00950071 /* PBXTargetDependency */,
			);
			name = hyoi_yUITests;
			productName = hyoi_yUITests;
			productReference = 2A67FAA3219FC97C00950071 /* hyoi_yUITests.xctest */;
			productType = "com.apple.product-type.bundle.ui-testing";
		};
/* End PBXNativeTarget section */

/* Begin PBXProject section */
		2A67FA7C219FC97A00950071 /* Project object */ = {
			isa = PBXProject;
			attributes = {
				LastSwiftUpdateCheck = 1010;
				LastUpgradeCheck = 1010;
				ORGANIZATIONNAME = me;
				TargetAttributes = {
					2A67FA83219FC97A00950071 = {
						CreatedOnToolsVersion = 10.1;
					};
					2A67FA97219FC97C00950071 = {
						CreatedOnToolsVersion = 10.1;
						TestTargetID = 2A67FA83219FC97A00950071;
					};
					2A67FAA2219FC97C00950071 = {
						CreatedOnToolsVersion = 10.1;
						TestTargetID = 2A67FA83219FC97A00950071;
					};
				};
			};
			buildConfigurationList = 2A67FA7F219FC97A00950071 /* Build configuration list for PBXProject "hyoi_y" */;
			compatibilityVersion = "Xcode 9.3";
			developmentRegion = en;
			hasScannedForEncodings = 0;
			knownRegions = (
				en,
				Base,
			);
			mainGroup = 2A67FA7B219FC97A00950071;
			productRefGroup = 2A67FA85219FC97A00950071 /* Products */;
			projectDirPath = "";
			projectRoot = "";
			targets = (
				2A67FA83219FC97A00950071 /* hyoi_y */,
				2A67FA97219FC97C00950071 /* hyoi_yTests */,
				2A67FAA2219FC97C00950071 /* hyoi_yUITests */,
			);
		};
/* End PBXProject section */

/* Begin PBXResourcesBuildPhase section */
		2A67FA82219FC97A00950071 /* Resources */ = {
			isa = PBXResourcesBuildPhase;
			buildActionMask = 2147483647;
			files = (
				2A67FA92219FC97C00950071 /* LaunchScreen.storyboard in Resources */,
				2A7FE83221A3CC4000BDDEB2 /* 東京（サンプル）.jpg in Resources */,
				2A657F5221A6405600A76D33 /* alさん（サンプル）.jpg in Resources */,
				2A657F5321A6405600A76D33 /* michelさん（サンプル）.jpg in Resources */,
				2A7FE83021A3CC4000BDDEB2 /* ホイアン（サンプル）.JPG in Resources */,
				2A67FA8F219FC97C00950071 /* Assets.xcassets in Resources */,
				2A7FE83621A3DA9600BDDEB2 /* hyoi_icn.png in Resources */,
				2A67FA8D219FC97A00950071 /* Main.storyboard in Resources */,
				2A7FE83421A3CC6C00BDDEB2 /* コロラド（サンプル）.jpg in Resources */,
			);
			runOnlyForDeploymentPostprocessing = 0;
		};
		2A67FA96219FC97C00950071 /* Resources */ = {
			isa = PBXResourcesBuildPhase;
			buildActionMask = 2147483647;
			files = (
			);
			runOnlyForDeploymentPostprocessing = 0;
		};
		2A67FAA1219FC97C00950071 /* Resources */ = {
			isa = PBXResourcesBuildPhase;
			buildActionMask = 2147483647;
			files = (
			);
			runOnlyForDeploymentPostprocessing = 0;
		};
/* End PBXResourcesBuildPhase section */

/* Begin PBXSourcesBuildPhase section */
		2A67FA80219FC97A00950071 /* Sources */ = {
			isa = PBXSourcesBuildPhase;
			buildActionMask = 2147483647;
			files = (
				2A67FA8A219FC97A00950071 /* ViewController.swift in Sources */,
				2A67FA88219FC97A00950071 /* AppDelegate.swift in Sources */,
			);
			runOnlyForDeploymentPostprocessing = 0;
		};
		2A67FA94219FC97C00950071 /* Sources */ = {
			isa = PBXSourcesBuildPhase;
			buildActionMask = 2147483647;
			files = (
				2A67FA9D219FC97C00950071 /* hyoi_yTests.swift in Sources */,
			);
			runOnlyForDeploymentPostprocessing = 0;
		};
		2A67FA9F219FC97C00950071 /* Sources */ = {
			isa = PBXSourcesBuildPhase;
			buildActionMask = 2147483647;
			files = (
				2A67FAA8219FC97C00950071 /* hyoi_yUITests.swift in Sources */,
			);
			runOnlyForDeploymentPostprocessing = 0;
		};
/* End PBXSourcesBuildPhase section */

/* Begin PBXTargetDependency section */
		2A67FA9A219FC97C00950071 /* PBXTargetDependency */ = {
			isa = PBXTargetDependency;
			target = 2A67FA83219FC97A00950071 /* hyoi_y */;
			targetProxy = 2A67FA99219FC97C00950071 /* PBXContainerItemProxy */;
		};
		2A67FAA5219FC97C00950071 /* PBXTargetDependency */ = {
			isa = PBXTargetDependency;
			target = 2A67FA83219FC97A00950071 /* hyoi_y */;
			targetProxy = 2A67FAA4219FC97C00950071 /* PBXContainerItemProxy */;
		};
/* End PBXTargetDependency section */

/* Begin PBXVariantGroup section */
		2A67FA8B219FC97A00950071 /* Main.storyboard */ = {
			isa = PBXVariantGroup;
			children = (
				2A67FA8C219FC97A00950071 /* Base */,
			);
			name = Main.storyboard;
			sourceTree = "<group>";
		};
		2A67FA90219FC97C00950071 /* LaunchScreen.storyboard */ = {
			isa = PBXVariantGroup;
			children = (
				2A67FA91219FC97C00950071 /* Base */,
			);
			name = LaunchScreen.storyboard;
			sourceTree = "<group>";
		};
/* End PBXVariantGroup section */

/* Begin XCBuildConfiguration section */
		2A67FAAA219FC97C00950071 /* Debug */ = {
			isa = XCBuildConfiguration;
			buildSettings = {
				ALWAYS_SEARCH_USER_PATHS = NO;
				CLANG_ANALYZER_NONNULL = YES;
				CLANG_ANALYZER_NUMBER_OBJECT_CONVERSION = YES_AGGRESSIVE;
				CLANG_CXX_LANGUAGE_STANDARD = "gnu++14";
				CLANG_CXX_LIBRARY = "libc++";
				CLANG_ENABLE_MODULES = YES;
				CLANG_ENABLE_OBJC_ARC = YES;
				CLANG_ENABLE_OBJC_WEAK = YES;
				CLANG_WARN_BLOCK_CAPTURE_AUTORELEASING = YES;
				CLANG_WARN_BOOL_CONVERSION = YES;
				CLANG_WARN_COMMA = YES;
				CLANG_WARN_CONSTANT_CONVERSION = YES;
				CLANG_WARN_DEPRECATED_OBJC_IMPLEMENTATIONS = YES;
				CLANG_WARN_DIRECT_OBJC_ISA_USAGE = YES_ERROR;
				CLANG_WARN_DOCUMENTATION_COMMENTS = YES;
				CLANG_WARN_EMPTY_BODY = YES;
				CLANG_WARN_ENUM_CONVERSION = YES;
				CLANG_WARN_INFINITE_RECURSION = YES;
				CLANG_WARN_INT_CONVERSION = YES;
				CLANG_WARN_NON_LITERAL_NULL_CONVERSION = YES;
				CLANG_WARN_OBJC_IMPLICIT_RETAIN_SELF = YES;
				CLANG_WARN_OBJC_LITERAL_CONVERSION = YES;
				CLANG_WARN_OBJC_ROOT_CLASS = YES_ERROR;
				CLANG_WARN_RANGE_LOOP_ANALYSIS = YES;
				CLANG_WARN_STRICT_PROTOTYPES = YES;
				CLANG_WARN_SUSPICIOUS_MOVE = YES;
				CLANG_WARN_UNGUARDED_AVAILABILITY = YES_AGGRESSIVE;
				CLANG_WARN_UNREACHABLE_CODE = YES;
				CLANG_WARN__DUPLICATE_METHOD_MATCH = YES;
				CODE_SIGN_IDENTITY = "iPhone Developer";
				COPY_PHASE_STRIP = NO;
				DEBUG_INFORMATION_FORMAT = dwarf;
				ENABLE_STRICT_OBJC_MSGSEND = YES;
				ENABLE_TESTABILITY = YES;
				GCC_C_LANGUAGE_STANDARD = gnu11;
				GCC_DYNAMIC_NO_PIC = NO;
				GCC_NO_COMMON_BLOCKS = YES;
				GCC_OPTIMIZATION_LEVEL = 0;
				GCC_PREPROCESSOR_DEFINITIONS = (
					"DEBUG=1",
					"$(inherited)",
				);
				GCC_WARN_64_TO_32_BIT_CONVERSION = YES;
				GCC_WARN_ABOUT_RETURN_TYPE = YES_ERROR;
				GCC_WARN_UNDECLARED_SELECTOR = YES;
				GCC_WARN_UNINITIALIZED_AUTOS = YES_AGGRESSIVE;
				GCC_WARN_UNUSED_FUNCTION = YES;
				GCC_WARN_UNUSED_VARIABLE = YES;
				IPHONEOS_DEPLOYMENT_TARGET = 12.1;
				MTL_ENABLE_DEBUG_INFO = INCLUDE_SOURCE;
				MTL_FAST_MATH = YES;
				ONLY_ACTIVE_ARCH = YES;
				SDKROOT = iphoneos;
				SWIFT_ACTIVE_COMPILATION_CONDITIONS = DEBUG;
				SWIFT_OPTIMIZATION_LEVEL = "-Onone";
			};
			name = Debug;
		};
		2A67FAAB219FC97C00950071 /* Release */ = {
			isa = XCBuildConfiguration;
			buildSettings = {
				ALWAYS_SEARCH_USER_PATHS = NO;
				CLANG_ANALYZER_NONNULL = YES;
				CLANG_ANALYZER_NUMBER_OBJECT_CONVERSION = YES_AGGRESSIVE;
				CLANG_CXX_LANGUAGE_STANDARD = "gnu++14";
				CLANG_CXX_LIBRARY = "libc++";
				CLANG_ENABLE_MODULES = YES;
				CLANG_ENABLE_OBJC_ARC = YES;
				CLANG_ENABLE_OBJC_WEAK = YES;
				CLANG_WARN_BLOCK_CAPTURE_AUTORELEASING = YES;
				CLANG_WARN_BOOL_CONVERSION = YES;
				CLANG_WARN_COMMA = YES;
				CLANG_WARN_CONSTANT_CONVERSION = YES;
				CLANG_WARN_DEPRECATED_OBJC_IMPLEMENTATIONS = YES;
				CLANG_WARN_DIRECT_OBJC_ISA_USAGE = YES_ERROR;
				CLANG_WARN_DOCUMENTATION_COMMENTS = YES;
				CLANG_WARN_EMPTY_BODY = YES;
				CLANG_WARN_ENUM_CONVERSION = YES;
				CLANG_WARN_INFINITE_RECURSION = YES;
				CLANG_WARN_INT_CONVERSION = YES;
				CLANG_WARN_NON_LITERAL_NULL_CONVERSION = YES;
				CLANG_WARN_OBJC_IMPLICIT_RETAIN_SELF = YES;
				CLANG_WARN_OBJC_LITERAL_CONVERSION = YES;
				CLANG_WARN_OBJC_ROOT_CLASS = YES_ERROR;
				CLANG_WARN_RANGE_LOOP_ANALYSIS = YES;
				CLANG_WARN_STRICT_PROTOTYPES = YES;
				CLANG_WARN_SUSPICIOUS_MOVE = YES;
				CLANG_WARN_UNGUARDED_AVAILABILITY = YES_AGGRESSIVE;
				CLANG_WARN_UNREACHABLE_CODE = YES;
				CLANG_WARN__DUPLICATE_METHOD_MATCH = YES;
				CODE_SIGN_IDENTITY = "iPhone Developer";
				COPY_PHASE_STRIP = NO;
				DEBUG_INFORMATION_FORMAT = "dwarf-with-dsym";
				ENABLE_NS_ASSERTIONS = NO;
				ENABLE_STRICT_OBJC_MSGSEND = YES;
				GCC_C_LANGUAGE_STANDARD = gnu11;
				GCC_NO_COMMON_BLOCKS = YES;
				GCC_WARN_64_TO_32_BIT_CONVERSION = YES;
				GCC_WARN_ABOUT_RETURN_TYPE = YES_ERROR;
				GCC_WARN_UNDECLARED_SELECTOR = YES;
				GCC_WARN_UNINITIALIZED_AUTOS = YES_AGGRESSIVE;
				GCC_WARN_UNUSED_FUNCTION = YES;
				GCC_WARN_UNUSED_VARIABLE = YES;
				IPHONEOS_DEPLOYMENT_TARGET = 12.1;
				MTL_ENABLE_DEBUG_INFO = NO;
				MTL_FAST_MATH = YES;
				SDKROOT = iphoneos;
				SWIFT_COMPILATION_MODE = wholemodule;
				SWIFT_OPTIMIZATION_LEVEL = "-O";
				VALIDATE_PRODUCT = YES;
			};
			name = Release;
		};
		2A67FAAD219FC97C00950071 /* Debug */ = {
			isa = XCBuildConfiguration;
			buildSettings = {
				ASSETCATALOG_COMPILER_APPICON_NAME = AppIcon;
				CODE_SIGN_STYLE = Automatic;
				DEVELOPMENT_TEAM = 98LF898D63;
				INFOPLIST_FILE = hyoi_y/Info.plist;
				LD_RUNPATH_SEARCH_PATHS = (
					"$(inherited)",
					"@executable_path/Frameworks",
				);
				PRODUCT_BUNDLE_IDENTIFIER = "wonderboys.hyoi-y";
				PRODUCT_NAME = "$(TARGET_NAME)";
				SWIFT_VERSION = 4.2;
				TARGETED_DEVICE_FAMILY = "1,2";
			};
			name = Debug;
		};
		2A67FAAE219FC97C00950071 /* Release */ = {
			isa = XCBuildConfiguration;
			buildSettings = {
				ASSETCATALOG_COMPILER_APPICON_NAME = AppIcon;
				CODE_SIGN_STYLE = Automatic;
				DEVELOPMENT_TEAM = 98LF898D63;
				INFOPLIST_FILE = hyoi_y/Info.plist;
				LD_RUNPATH_SEARCH_PATHS = (
					"$(inherited)",
					"@executable_path/Frameworks",
				);
				PRODUCT_BUNDLE_IDENTIFIER = "wonderboys.hyoi-y";
				PRODUCT_NAME = "$(TARGET_NAME)";
				SWIFT_VERSION = 4.2;
				TARGETED_DEVICE_FAMILY = "1,2";
			};
			name = Release;
		};
		2A67FAB0219FC97C00950071 /* Debug */ = {
			isa = XCBuildConfiguration;
			buildSettings = {
				ALWAYS_EMBED_SWIFT_STANDARD_LIBRARIES = YES;
				BUNDLE_LOADER = "$(TEST_HOST)";
				CODE_SIGN_STYLE = Automatic;
				INFOPLIST_FILE = hyoi_yTests/Info.plist;
				LD_RUNPATH_SEARCH_PATHS = (
					"$(inherited)",
					"@executable_path/Frameworks",
					"@loader_path/Frameworks",
				);
				PRODUCT_BUNDLE_IDENTIFIER = "wonderboys.hyoi-yTests";
				PRODUCT_NAME = "$(TARGET_NAME)";
				SWIFT_VERSION = 4.2;
				TARGETED_DEVICE_FAMILY = "1,2";
				TEST_HOST = "$(BUILT_PRODUCTS_DIR)/hyoi_y.app/hyoi_y";
			};
			name = Debug;
		};
		2A67FAB1219FC97C00950071 /* Release */ = {
			isa = XCBuildConfiguration;
			buildSettings = {
				ALWAYS_EMBED_SWIFT_STANDARD_LIBRARIES = YES;
				BUNDLE_LOADER = "$(TEST_HOST)";
				CODE_SIGN_STYLE = Automatic;
				INFOPLIST_FILE = hyoi_yTests/Info.plist;
				LD_RUNPATH_SEARCH_PATHS = (
					"$(inherited)",
					"@executable_path/Frameworks",
					"@loader_path/Frameworks",
				);
				PRODUCT_BUNDLE_IDENTIFIER = "wonderboys.hyoi-yTests";
				PRODUCT_NAME = "$(TARGET_NAME)";
				SWIFT_VERSION = 4.2;
				TARGETED_DEVICE_FAMILY = "1,2";
				TEST_HOST = "$(BUILT_PRODUCTS_DIR)/hyoi_y.app/hyoi_y";
			};
			name = Release;
		};
		2A67FAB3219FC97C00950071 /* Debug */ = {
			isa = XCBuildConfiguration;
			buildSettings = {
				ALWAYS_EMBED_SWIFT_STANDARD_LIBRARIES = YES;
				CODE_SIGN_STYLE = Automatic;
				INFOPLIST_FILE = hyoi_yUITests/Info.plist;
				LD_RUNPATH_SEARCH_PATHS = (
					"$(inherited)",
					"@executable_path/Frameworks",
					"@loader_path/Frameworks",
				);
				PRODUCT_BUNDLE_IDENTIFIER = "wonderboys.hyoi-yUITests";
				PRODUCT_NAME = "$(TARGET_NAME)";
				SWIFT_VERSION = 4.2;
				TARGETED_DEVICE_FAMILY = "1,2";
				TEST_TARGET_NAME = hyoi_y;
			};
			name = Debug;
		};
		2A67FAB4219FC97C00950071 /* Release */ = {
			isa = XCBuildConfiguration;
			buildSettings = {
				ALWAYS_EMBED_SWIFT_STANDARD_LIBRARIES = YES;
				CODE_SIGN_STYLE = Automatic;
				INFOPLIST_FILE = hyoi_yUITests/Info.plist;
				LD_RUNPATH_SEARCH_PATHS = (
					"$(inherited)",
					"@executable_path/Frameworks",
					"@loader_path/Frameworks",
				);
				PRODUCT_BUNDLE_IDENTIFIER = "wonderboys.hyoi-yUITests";
				PRODUCT_NAME = "$(TARGET_NAME)";
				SWIFT_VERSION = 4.2;
				TARGETED_DEVICE_FAMILY = "1,2";
				TEST_TARGET_NAME = hyoi_y;
			};
			name = Release;
		};
/* End XCBuildConfiguration section */

/* Begin XCConfigurationList section */
		2A67FA7F219FC97A00950071 /* Build configuration list for PBXProject "hyoi_y" */ = {
			isa = XCConfigurationList;
			buildConfigurations = (
				2A67FAAA219FC97C00950071 /* Debug */,
				2A67FAAB219FC97C00950071 /* Release */,
			);
			defaultConfigurationIsVisible = 0;
			defaultConfigurationName = Release;
		};
		2A67FAAC219FC97C00950071 /* Build configuration list for PBXNativeTarget "hyoi_y" */ = {
			isa = XCConfigurationList;
			buildConfigurations = (
				2A67FAAD219FC97C00950071 /* Debug */,
				2A67FAAE219FC97C00950071 /* Release */,
			);
			defaultConfigurationIsVisible = 0;
			defaultConfigurationName = Release;
		};
		2A67FAAF219FC97C00950071 /* Build configuration list for PBXNativeTarget "hyoi_yTests" */ = {
			isa = XCConfigurationList;
			buildConfigurations = (
				2A67FAB0219FC97C00950071 /* Debug */,
				2A67FAB1219FC97C00950071 /* Release */,
			);
			defaultConfigurationIsVisible = 0;
			defaultConfigurationName = Release;
		};
		2A67FAB2219FC97C00950071 /* Build configuration list for PBXNativeTarget "hyoi_yUITests" */ = {
			isa = XCConfigurationList;
			buildConfigurations = (
				2A67FAB3219FC97C00950071 /* Debug */,
				2A67FAB4219FC97C00950071 /* Release */,
			);
			defaultConfigurationIsVisible = 0;
			defaultConfigurationName = Release;
		};
/* End XCConfigurationList section */
	};
	rootObject = 2A67FA7C219FC97A00950071 /* Project object */;
}
